
Microsoft Visual Studio Solution File, Format Version 11.00
# Visual Studio 2010
Project("{FAE04EC0-301F-11D3-BF4B-00C04F79EFBC}") = "Assembly-CSharp", "Assembly-CSharp.csproj", "{287EA82F-26CC-4D3A-DA4C-3E1038781754}"
EndProject
Global
	GlobalSection(SolutionConfigurationPlatforms) = preSolution
		Debug|Any CPU = Debug|Any CPU
		Release|Any CPU = Release|Any CPU
	EndGlobalSection
	GlobalSection(ProjectConfigurationPlatforms) = postSolution
		{287EA82F-26CC-4D3A-DA4C-3E1038781754}.Debug|Any CPU.ActiveCfg = Debug|Any CPU
		{287EA82F-26CC-4D3A-DA4C-3E1038781754}.Debug|Any CPU.Build.0 = Debug|Any CPU
		{287EA82F-26CC-4D3A-DA4C-3E1038781754}.Release|Any CPU.ActiveCfg = Release|Any CPU
		{287EA82F-26CC-4D3A-DA4C-3E1038781754}.Release|Any CPU.Build.0 = Release|Any CPU
	EndGlobalSection
	GlobalSection(SolutionProperties) = preSolution
		HideSolutionNode = FALSE
	EndGlobalSection
EndGlobal
